
Microsoft Visual Studio Solution File, Format Version 12.00
# Visual Studio 15
VisualStudioVersion = 15.0.27703.2026
MinimumVisualStudioVersion = 10.0.40219.1
Project("{9A19103F-16F7-4668-BE54-9A1E7A4F7556}") = "BasketApi.Infrastructure", "BasketApi.Infrastructure\BasketApi.Infrastructure.csproj", "{68F73B9F-5741-411C-BE37-F43B7EF0577F}"
EndProject
Project("{9A19103F-16F7-4668-BE54-9A1E7A4F7556}") = "BasketApi.Client", "BasketApi.Client\BasketApi.Client.csproj", "{ECC9691F-2C34-4405-B9E0-7610A595D6CE}"
EndProject
Project("{9A19103F-16F7-4668-BE54-9A1E7A4F7556}") = "BasketWebUI", "BasketWebUI\BasketWebUI.csproj", "{D362D6CC-741B-4A69-B1CC-B22EAE5C43BA}"
EndProject
Project("{9A19103F-16F7-4668-BE54-9A1E7A4F7556}") = "BasketApi.Web", "BasketApi.Web\BasketApi.Web.csproj", "{2C555183-6C6C-49F6-B146-F0E4D02C1927}"
EndProject
Project("{9A19103F-16F7-4668-BE54-9A1E7A4F7556}") = "BasketApi.Models", "BasketApi.Models\BasketApi.Models.csproj", "{EF318CB3-3EF3-455D-B80E-5A46BE02E4A2}"
EndProject
Project("{9A19103F-16F7-4668-BE54-9A1E7A4F7556}") = "BasketApi.Client.Tests", "BasketApi.Client.Tests\BasketApi.Client.Tests.csproj", "{EA9A074B-AA24-4DFA-B39B-347BAAEFCB53}"
EndProject
Project("{9A19103F-16F7-4668-BE54-9A1E7A4F7556}") = "BasketApi.Infrastructure.Tests", "BasketApi.Infrastructure.Tests\BasketApi.Infrastructure.Tests.csproj", "{059BDD87-D1DA-4261-9C57-BA8A287DBFE3}"
EndProject
Project("{9A19103F-16F7-4668-BE54-9A1E7A4F7556}") = "BasketApi.Web.Tests", "BasketApi.Web.Tests\BasketApi.Web.Tests.csproj", "{CB7FD684-A213-4989-A535-0233843781FA}"
EndProject
Global
	GlobalSection(SolutionConfigurationPlatforms) = preSolution
		Debug|Any CPU = Debug|Any CPU
		Release|Any CPU = Release|Any CPU
	EndGlobalSection
	GlobalSection(ProjectConfigurationPlatforms) = postSolution
		{68F73B9F-5741-411C-BE37-F43B7EF0577F}.Debug|Any CPU.ActiveCfg = Debug|Any CPU
		{68F73B9F-5741-411C-BE37-F43B7EF0577F}.Debug|Any CPU.Build.0 = Debug|Any CPU
		{68F73B9F-5741-411C-BE37-F43B7EF0577F}.Release|Any CPU.ActiveCfg = Release|Any CPU
		{68F73B9F-5741-411C-BE37-F43B7EF0577F}.Release|Any CPU.Build.0 = Release|Any CPU
		{ECC9691F-2C34-4405-B9E0-7610A595D6CE}.Debug|Any CPU.ActiveCfg = Debug|Any CPU
		{ECC9691F-2C34-4405-B9E0-7610A595D6CE}.Debug|Any CPU.Build.0 = Debug|Any CPU
		{ECC9691F-2C34-4405-B9E0-7610A595D6CE}.Release|Any CPU.ActiveCfg = Release|Any CPU
		{ECC9691F-2C34-4405-B9E0-7610A595D6CE}.Release|Any CPU.Build.0 = Release|Any CPU
		{D362D6CC-741B-4A69-B1CC-B22EAE5C43BA}.Debug|Any CPU.ActiveCfg = Debug|Any CPU
		{D362D6CC-741B-4A69-B1CC-B22EAE5C43BA}.Debug|Any CPU.Build.0 = Debug|Any CPU
		{D362D6CC-741B-4A69-B1CC-B22EAE5C43BA}.Release|Any CPU.ActiveCfg = Release|Any CPU
		{D362D6CC-741B-4A69-B1CC-B22EAE5C43BA}.Release|Any CPU.Build.0 = Release|Any CPU
		{2C555183-6C6C-49F6-B146-F0E4D02C1927}.Debug|Any CPU.ActiveCfg = Debug|Any CPU
		{2C555183-6C6C-49F6-B146-F0E4D02C1927}.Debug|Any CPU.Build.0 = Debug|Any CPU
		{2C555183-6C6C-49F6-B146-F0E4D02C1927}.Release|Any CPU.ActiveCfg = Release|Any CPU
		{2C555183-6C6C-49F6-B146-F0E4D02C1927}.Release|Any CPU.Build.0 = Release|Any CPU
		{EF318CB3-3EF3-455D-B80E-5A46BE02E4A2}.Debug|Any CPU.ActiveCfg = Debug|Any CPU
		{EF318CB3-3EF3-455D-B80E-5A46BE02E4A2}.Debug|Any CPU.Build.0 = Debug|Any CPU
		{EF318CB3-3EF3-455D-B80E-5A46BE02E4A2}.Release|Any CPU.ActiveCfg = Release|Any CPU
		{EF318CB3-3EF3-455D-B80E-5A46BE02E4A2}.Release|Any CPU.Build.0 = Release|Any CPU
		{EA9A074B-AA24-4DFA-B39B-347BAAEFCB53}.Debug|Any CPU.ActiveCfg = Debug|Any CPU
		{EA9A074B-AA24-4DFA-B39B-347BAAEFCB53}.Debug|Any CPU.Build.0 = Debug|Any CPU
		{EA9A074B-AA24-4DFA-B39B-347BAAEFCB53}.Release|Any CPU.ActiveCfg = Release|Any CPU
		{EA9A074B-AA24-4DFA-B39B-347BAAEFCB53}.Release|Any CPU.Build.0 = Release|Any CPU
		{059BDD87-D1DA-4261-9C57-BA8A287DBFE3}.Debug|Any CPU.ActiveCfg = Debug|Any CPU
		{059BDD87-D1DA-4261-9C57-BA8A287DBFE3}.Debug|Any CPU.Build.0 = Debug|Any CPU
		{059BDD87-D1DA-4261-9C57-BA8A287DBFE3}.Release|Any CPU.ActiveCfg = Release|Any CPU
		{059BDD87-D1DA-4261-9C57-BA8A287DBFE3}.Release|Any CPU.Build.0 = Release|Any CPU
		{CB7FD684-A213-4989-A535-0233843781FA}.Debug|Any CPU.ActiveCfg = Debug|Any CPU
		{CB7FD684-A213-4989-A535-0233843781FA}.Debug|Any CPU.Build.0 = Debug|Any CPU
		{CB7FD684-A213-4989-A535-0233843781FA}.Release|Any CPU.ActiveCfg = Release|Any CPU
		{CB7FD684-A213-4989-A535-0233843781FA}.Release|Any CPU.Build.0 = Release|Any CPU
	EndGlobalSection
	GlobalSection(SolutionProperties) = preSolution
		HideSolutionNode = FALSE
	EndGlobalSection
	GlobalSection(ExtensibilityGlobals) = postSolution
		SolutionGuid = {561CE876-A77C-4715-8940-B17CF9AB07A0}
	EndGlobalSection
EndGlobal
